// !$*UTF8*$!
{
	archiveVersion = 1;
	classes = {
	};
	objectVersion = 46;
	objects = {

/* Begin PBXBuildFile section */
		50D137281DE2088C001C16FC /* AppDelegate.swift in Sources */ = {isa = PBXBuildFile; fileRef = 50D137271DE2088C001C16FC /* AppDelegate.swift */; };
		50D1372A1DE2088C001C16FC /* ViewController.swift in Sources */ = {isa = PBXBuildFile; fileRef = 50D137291DE2088C001C16FC /* ViewController.swift */; };
		50D1372D1DE2088C001C16FC /* Main.storyboard in Resources */ = {isa = PBXBuildFile; fileRef = 50D1372B1DE2088C001C16FC /* Main.storyboard */; };
		50D1372F1DE2088C001C16FC /* Assets.xcassets in Resources */ = {isa = PBXBuildFile; fileRef = 50D1372E1DE2088C001C16FC /* Assets.xcassets */; };
		50D137321DE2088C001C16FC /* LaunchScreen.storyboard in Resources */ = {isa = PBXBuildFile; fileRef = 50D137301DE2088C001C16FC /* LaunchScreen.storyboard */; };
		50D1373D1DE2088C001C16FC /* MeTests.swift in Sources */ = {isa = PBXBuildFile; fileRef = 50D1373C1DE2088C001C16FC /* MeTests.swift */; };
		50D1374A1DE20A15001C16FC /* Me.swift in Sources */ = {isa = PBXBuildFile; fileRef = 50D137491DE20A15001C16FC /* Me.swift */; };
		50D1374B1DE20A15001C16FC /* Me.swift in Sources */ = {isa = PBXBuildFile; fileRef = 50D137491DE20A15001C16FC /* Me.swift */; };
/* End PBXBuildFile section */

/* Begin PBXContainerItemProxy section */
		50D137391DE2088C001C16FC /* PBXContainerItemProxy */ = {
			isa = PBXContainerItemProxy;
			containerPortal = 50D1371C1DE2088C001C16FC /* Project object */;
			proxyType = 1;
			remoteGlobalIDString = 50D137231DE2088C001C16FC;
			remoteInfo = MeApp;
		};
/* End PBXContainerItemProxy section */

/* Begin PBXFileReference section */
		50D137241DE2088C001C16FC /* MeApp.app */ = {isa = PBXFileReference; explicitFileType = wrapper.application; includeInIndex = 0; path = MeApp.app; sourceTree = BUILT_PRODUCTS_DIR; };
		50D137271DE2088C001C16FC /* AppDelegate.swift */ = {isa = PBXFileReference; lastKnownFileType = sourcecode.swift; path = AppDelegate.swift; sourceTree = "<group>"; };
		50D137291DE2088C001C16FC /* ViewController.swift */ = {isa = PBXFileReference; lastKnownFileType = sourcecode.swift; path = ViewController.swift; sourceTree = "<group>"; };
		50D1372C1DE2088C001C16FC /* Base */ = {isa = PBXFileReference; lastKnownFileType = file.storyboard; name = Base; path = Base.lproj/Main.storyboard; sourceTree = "<group>"; };
		50D1372E1DE2088C001C16FC /* Assets.xcassets */ = {isa = PBXFileReference; lastKnownFileType = folder.assetcatalog; path = Assets.xcassets; sourceTree = "<group>"; };
		50D137311DE2088C001C16FC /* Base */ = {isa = PBXFileReference; lastKnownFileType = file.storyboard; name = Base; path = Base.lproj/LaunchScreen.storyboard; sourceTree = "<group>"; };
		50D137331DE2088C001C16FC /* Info.plist */ = {isa = PBXFileReference; lastKnownFileType = text.plist.xml; path = Info.plist; sourceTree = "<group>"; };
		50D137381DE2088C001C16FC /* MeAppTests.xctest */ = {isa = PBXFileReference; explicitFileType = wrapper.cfbundle; includeInIndex = 0; path = MeAppTests.xctest; sourceTree = BUILT_PRODUCTS_DIR; };
		50D1373C1DE2088C001C16FC /* MeTests.swift */ = {isa = PBXFileReference; lastKnownFileType = sourcecode.swift; path = MeTests.swift; sourceTree = "<group>"; };
		50D1373E1DE2088C001C16FC /* Info.plist */ = {isa = PBXFileReference; lastKnownFileType = text.plist.xml; path = Info.plist; sourceTree = "<group>"; };
		50D137491DE20A15001C16FC /* Me.swift */ = {isa = PBXFileReference; fileEncoding = 4; lastKnownFileType = sourcecode.swift; path = Me.swift; sourceTree = "<group>"; };
/* End PBXFileReference section */

/* Begin PBXFrameworksBuildPhase section */
		50D137211DE2088C001C16FC /* Frameworks */ = {
			isa = PBXFrameworksBuildPhase;
			buildActionMask = 2147483647;
			files = (
			);
			runOnlyForDeploymentPostprocessing = 0;
		};
		50D137351DE2088C001C16FC /* Frameworks */ = {
			isa = PBXFrameworksBuildPhase;
			buildActionMask = 2147483647;
			files = (
			);
			runOnlyForDeploymentPostprocessing = 0;
		};
/* End PBXFrameworksBuildPhase section */

/* Begin PBXGroup section */
		50D1371B1DE2088C001C16FC = {
			isa = PBXGroup;
			children = (
				50D137261DE2088C001C16FC /* MeApp */,
				50D1373B1DE2088C001C16FC /* MeAppTests */,
				50D137251DE2088C001C16FC /* Products */,
			);
			sourceTree = "<group>";
		};
		50D137251DE2088C001C16FC /* Products */ = {
			isa = PBXGroup;
			children = (
				50D137241DE2088C001C16FC /* MeApp.app */,
				50D137381DE2088C001C16FC /* MeAppTests.xctest */,
			);
			name = Products;
			sourceTree = "<group>";
		};
		50D137261DE2088C001C16FC /* MeApp */ = {
			isa = PBXGroup;
			children = (
				50D137471DE209F9001C16FC /* Me */,
				50D137271DE2088C001C16FC /* AppDelegate.swift */,
				50D137291DE2088C001C16FC /* ViewController.swift */,
				50D1372B1DE2088C001C16FC /* Main.storyboard */,
				50D1372E1DE2088C001C16FC /* Assets.xcassets */,
				50D137301DE2088C001C16FC /* LaunchScreen.storyboard */,
				50D137331DE2088C001C16FC /* Info.plist */,
			);
			path = MeApp;
			sourceTree = "<group>";
		};
		50D1373B1DE2088C001C16FC /* MeAppTests */ = {
			isa = PBXGroup;
			children = (
				50D1373C1DE2088C001C16FC /* MeTests.swift */,
				50D1373E1DE2088C001C16FC /* Info.plist */,
			);
			path = MeAppTests;
			sourceTree = "<group>";
		};
		50D137471DE209F9001C16FC /* Me */ = {
			isa = PBXGroup;
			children = (
				50D137481DE209F9001C16FC /* Classes */,
			);
			name = Me;
			path = ../../Me;
			sourceTree = "<group>";
		};
		50D137481DE209F9001C16FC /* Classes */ = {
			isa = PBXGroup;
			children = (
				50D137491DE20A15001C16FC /* Me.swift */,
			);
			path = Classes;
			sourceTree = "<group>";
		};
/* End PBXGroup section */

/* Begin PBXNativeTarget section */
		50D137231DE2088C001C16FC /* MeApp */ = {
			isa = PBXNativeTarget;
			buildConfigurationList = 50D137411DE2088C001C16FC /* Build configuration list for PBXNativeTarget "MeApp" */;
			buildPhases = (
				50D137201DE2088C001C16FC /* Sources */,
				50D137211DE2088C001C16FC /* Frameworks */,
				50D137221DE2088C001C16FC /* Resources */,
			);
			buildRules = (
			);
			dependencies = (
			);
			name = MeApp;
			productName = MeApp;
			productReference = 50D137241DE2088C001C16FC /* MeApp.app */;
			productType = "com.apple.product-type.application";
		};
		50D137371DE2088C001C16FC /* MeAppTests */ = {
			isa = PBXNativeTarget;
			buildConfigurationList = 50D137441DE2088C001C16FC /* Build configuration list for PBXNativeTarget "MeAppTests" */;
			buildPhases = (
				50D137341DE2088C001C16FC /* Sources */,
				50D137351DE2088C001C16FC /* Frameworks */,
				50D137361DE2088C001C16FC /* Resources */,
			);
			buildRules = (
			);
			dependencies = (
				50D1373A1DE2088C001C16FC /* PBXTargetDependency */,
			);
			name = MeAppTests;
			productName = MeAppTests;
			productReference = 50D137381DE2088C001C16FC /* MeAppTests.xctest */;
			productType = "com.apple.product-type.bundle.unit-test";
		};
/* End PBXNativeTarget section */

/* Begin PBXProject section */
		50D1371C1DE2088C001C16FC /* Project object */ = {
			isa = PBXProject;
			attributes = {
				LastSwiftUpdateCheck = 0810;
				LastUpgradeCheck = 0900;
				ORGANIZATIONNAME = "Pasquale Ambrosini";
				TargetAttributes = {
					50D137231DE2088C001C16FC = {
						CreatedOnToolsVersion = 8.1;
						LastSwiftMigration = 0900;
						ProvisioningStyle = Automatic;
					};
					50D137371DE2088C001C16FC = {
						CreatedOnToolsVersion = 8.1;
						LastSwiftMigration = 0900;
						ProvisioningStyle = Automatic;
						TestTargetID = 50D137231DE2088C001C16FC;
					};
				};
			};
			buildConfigurationList = 50D1371F1DE2088C001C16FC /* Build configuration list for PBXProject "MeApp" */;
			compatibilityVersion = "Xcode 3.2";
			developmentRegion = English;
			hasScannedForEncodings = 0;
			knownRegions = (
				en,
				Base,
			);
			mainGroup = 50D1371B1DE2088C001C16FC;
			productRefGroup = 50D137251DE2088C001C16FC /* Products */;
			projectDirPath = "";
			projectRoot = "";
			targets = (
				50D137231DE2088C001C16FC /* MeApp */,
				50D137371DE2088C001C16FC /* MeAppTests */,
			);
		};
/* End PBXProject section */

/* Begin PBXResourcesBuildPhase section */
		50D137221DE2088C001C16FC /* Resources */ = {
			isa = PBXResourcesBuildPhase;
			buildActionMask = 2147483647;
			files = (
				50D137321DE2088C001C16FC /* LaunchScreen.storyboard in Resources */,
				50D1372F1DE2088C001C16FC /* Assets.xcassets in Resources */,
				50D1372D1DE2088C001C16FC /* Main.storyboard in Resources */,
			);
			runOnlyForDeploymentPostprocessing = 0;
		};
		50D137361DE2088C001C16FC /* Resources */ = {
			isa = PBXResourcesBuildPhase;
			buildActionMask = 2147483647;
			files = (
			);
			runOnlyForDeploymentPostprocessing = 0;
		};
/* End PBXResourcesBuildPhase section */

/* Begin PBXSourcesBuildPhase section */
		50D137201DE2088C001C16FC /* Sources */ = {
			isa = PBXSourcesBuildPhase;
			buildActionMask = 2147483647;
			files = (
				50D1372A1DE2088C001C16FC /* ViewController.swift in Sources */,
				50D137281DE2088C001C16FC /* AppDelegate.swift in Sources */,
				50D1374A1DE20A15001C16FC /* Me.swift in Sources */,
			);
			runOnlyForDeploymentPostprocessing = 0;
		};
		50D137341DE2088C001C16FC /* Sources */ = {
			isa = PBXSourcesBuildPhase;
			buildActionMask = 2147483647;
			files = (
				50D1373D1DE2088C001C16FC /* MeTests.swift in Sources */,
				50D1374B1DE20A15001C16FC /* Me.swift in Sources */,
			);
			runOnlyForDeploymentPostprocessing = 0;
		};
/* End PBXSourcesBuildPhase section */

/* Begin PBXTargetDependency section */
		50D1373A1DE2088C001C16FC /* PBXTargetDependency */ = {
			isa = PBXTargetDependency;
			target = 50D137231DE2088C001C16FC /* MeApp */;
			targetProxy = 50D137391DE2088C001C16FC /* PBXContainerItemProxy */;
		};
/* End PBXTargetDependency section */

/* Begin PBXVariantGroup section */
		50D1372B1DE2088C001C16FC /* Main.storyboard */ = {
			isa = PBXVariantGroup;
			children = (
				50D1372C1DE2088C001C16FC /* Base */,
			);
			name = Main.storyboard;
			sourceTree = "<group>";
		};
		50D137301DE2088C001C16FC /* LaunchScreen.storyboard */ = {
			isa = PBXVariantGroup;
			children = (
				50D137311DE2088C001C16FC /* Base */,
			);
			name = LaunchScreen.storyboard;
			sourceTree = "<group>";
		};
/* End PBXVariantGroup section */

/* Begin XCBuildConfiguration section */
		50D1373F1DE2088C001C16FC /* Debug */ = {
			isa = XCBuildConfiguration;
			buildSettings = {
				ALWAYS_SEARCH_USER_PATHS = NO;
				CLANG_ANALYZER_NONNULL = YES;
				CLANG_CXX_LANGUAGE_STANDARD = "gnu++0x";
				CLANG_CXX_LIBRARY = "libc++";
				CLANG_ENABLE_MODULES = YES;
				CLANG_ENABLE_OBJC_ARC = YES;
				CLANG_WARN_BLOCK_CAPTURE_AUTORELEASING = YES;
				CLANG_WARN_BOOL_CONVERSION = YES;
				CLANG_WARN_COMMA = YES;
				CLANG_WARN_CONSTANT_CONVERSION = YES;
				CLANG_WARN_DIRECT_OBJC_ISA_USAGE = YES_ERROR;
				CLANG_WARN_DOCUMENTATION_COMMENTS = YES;
				CLANG_WARN_EMPTY_BODY = YES;
				CLANG_WARN_ENUM_CONVERSION = YES;
				CLANG_WARN_INFINITE_RECURSION = YES;
				CLANG_WARN_INT_CONVERSION = YES;
				CLANG_WARN_NON_LITERAL_NULL_CONVERSION = YES;
				CLANG_WARN_OBJC_LITERAL_CONVERSION = YES;
				CLANG_WARN_OBJC_ROOT_CLASS = YES_ERROR;
				CLANG_WARN_RANGE_LOOP_ANALYSIS = YES;
				CLANG_WARN_STRICT_PROTOTYPES = YES;
				CLANG_WARN_SUSPICIOUS_MOVE = YES;
				CLANG_WARN_SUSPICIOUS_MOVES = YES;
				CLANG_WARN_UNREACHABLE_CODE = YES;
				CLANG_WARN__DUPLICATE_METHOD_MATCH = YES;
				"CODE_SIGN_IDENTITY[sdk=iphoneos*]" = "iPhone Developer";
				COPY_PHASE_STRIP = NO;
				DEBUG_INFORMATION_FORMAT = dwarf;
				ENABLE_STRICT_OBJC_MSGSEND = YES;
				ENABLE_TESTABILITY = YES;
				GCC_C_LANGUAGE_STANDARD = gnu99;
				GCC_DYNAMIC_NO_PIC = NO;
				GCC_NO_COMMON_BLOCKS = YES;
				GCC_OPTIMIZATION_LEVEL = 0;
				GCC_PREPROCESSOR_DEFINITIONS = (
					"DEBUG=1",
					"$(inherited)",
				);
				GCC_WARN_64_TO_32_BIT_CONVERSION = YES;
				GCC_WARN_ABOUT_RETURN_TYPE = YES_ERROR;
				GCC_WARN_UNDECLARED_SELECTOR = YES;
				GCC_WARN_UNINITIALIZED_AUTOS = YES_AGGRESSIVE;
				GCC_WARN_UNUSED_FUNCTION = YES;
				GCC_WARN_UNUSED_VARIABLE = YES;
				IPHONEOS_DEPLOYMENT_TARGET = 10.1;
				MTL_ENABLE_DEBUG_INFO = YES;
				ONLY_ACTIVE_ARCH = YES;
				SDKROOT = iphoneos;
				SWIFT_ACTIVE_COMPILATION_CONDITIONS = DEBUG;
				SWIFT_OPTIMIZATION_LEVEL = "-Onone";
			};
			name = Debug;
		};
		50D137401DE2088C001C16FC /* Release */ = {
			isa = XCBuildConfiguration;
			buildSettings = {
				ALWAYS_SEARCH_USER_PATHS = NO;
				CLANG_ANALYZER_NONNULL = YES;
				CLANG_CXX_LANGUAGE_STANDARD = "gnu++0x";
				CLANG_CXX_LIBRARY = "libc++";
				CLANG_ENABLE_MODULES = YES;
				CLANG_ENABLE_OBJC_ARC = YES;
				CLANG_WARN_BLOCK_CAPTURE_AUTORELEASING = YES;
				CLANG_WARN_BOOL_CONVERSION = YES;
				CLANG_WARN_COMMA = YES;
				CLANG_WARN_CONSTANT_CONVERSION = YES;
				CLANG_WARN_DIRECT_OBJC_ISA_USAGE = YES_ERROR;
				CLANG_WARN_DOCUMENTATION_COMMENTS = YES;
				CLANG_WARN_EMPTY_BODY = YES;
				CLANG_WARN_ENUM_CONVERSION = YES;
				CLANG_WARN_INFINITE_RECURSION = YES;
				CLANG_WARN_INT_CONVERSION = YES;
				CLANG_WARN_NON_LITERAL_NULL_CONVERSION = YES;
				CLANG_WARN_OBJC_LITERAL_CONVERSION = YES;
				CLANG_WARN_OBJC_ROOT_CLASS = YES_ERROR;
				CLANG_WARN_RANGE_LOOP_ANALYSIS = YES;
				CLANG_WARN_STRICT_PROTOTYPES = YES;
				CLANG_WARN_SUSPICIOUS_MOVE = YES;
				CLANG_WARN_SUSPICIOUS_MOVES = YES;
				CLANG_WARN_UNREACHABLE_CODE = YES;
				CLANG_WARN__DUPLICATE_METHOD_MATCH = YES;
				"CODE_SIGN_IDENTITY[sdk=iphoneos*]" = "iPhone Developer";
				COPY_PHASE_STRIP = NO;
				DEBUG_INFORMATION_FORMAT = "dwarf-with-dsym";
				ENABLE_NS_ASSERTIONS = NO;
				ENABLE_STRICT_OBJC_MSGSEND = YES;
				GCC_C_LANGUAGE_STANDARD = gnu99;
				GCC_NO_COMMON_BLOCKS = YES;
				GCC_WARN_64_TO_32_BIT_CONVERSION = YES;
				GCC_WARN_ABOUT_RETURN_TYPE = YES_ERROR;
				GCC_WARN_UNDECLARED_SELECTOR = YES;
				GCC_WARN_UNINITIALIZED_AUTOS = YES_AGGRESSIVE;
				GCC_WARN_UNUSED_FUNCTION = YES;
				GCC_WARN_UNUSED_VARIABLE = YES;
				IPHONEOS_DEPLOYMENT_TARGET = 10.1;
				MTL_ENABLE_DEBUG_INFO = NO;
				SDKROOT = iphoneos;
				SWIFT_OPTIMIZATION_LEVEL = "-Owholemodule";
				VALIDATE_PRODUCT = YES;
			};
			name = Release;
		};
		50D137421DE2088C001C16FC /* Debug */ = {
			isa = XCBuildConfiguration;
			buildSettings = {
				ASSETCATALOG_COMPILER_APPICON_NAME = AppIcon;
				INFOPLIST_FILE = MeApp/Info.plist;
				LD_RUNPATH_SEARCH_PATHS = "$(inherited) @executable_path/Frameworks";
				PRODUCT_BUNDLE_IDENTIFIER = com.pasqualeAmbrosini.MeApp;
				PRODUCT_NAME = "$(TARGET_NAME)";
				SWIFT_SWIFT3_OBJC_INFERENCE = On;
				SWIFT_VERSION = 4.0;
			};
			name = Debug;
		};
		50D137431DE2088C001C16FC /* Release */ = {
			isa = XCBuildConfiguration;
			buildSettings = {
				ASSETCATALOG_COMPILER_APPICON_NAME = AppIcon;
				INFOPLIST_FILE = MeApp/Info.plist;
				LD_RUNPATH_SEARCH_PATHS = "$(inherited) @executable_path/Frameworks";
				PRODUCT_BUNDLE_IDENTIFIER = com.pasqualeAmbrosini.MeApp;
				PRODUCT_NAME = "$(TARGET_NAME)";
				SWIFT_SWIFT3_OBJC_INFERENCE = On;
				SWIFT_VERSION = 4.0;
			};
			name = Release;
		};
		50D137451DE2088C001C16FC /* Debug */ = {
			isa = XCBuildConfiguration;
			buildSettings = {
				ALWAYS_EMBED_SWIFT_STANDARD_LIBRARIES = YES;
				BUNDLE_LOADER = "$(TEST_HOST)";
				INFOPLIST_FILE = MeAppTests/Info.plist;
				LD_RUNPATH_SEARCH_PATHS = "$(inherited) @executable_path/Frameworks @loader_path/Frameworks";
				PRODUCT_BUNDLE_IDENTIFIER = com.pasqualeAmbrosini.MeAppTests;
				PRODUCT_NAME = "$(TARGET_NAME)";
				SWIFT_SWIFT3_OBJC_INFERENCE = On;
				SWIFT_VERSION = 4.0;
				TEST_HOST = "$(BUILT_PRODUCTS_DIR)/MeApp.app/MeApp";
			};
			name = Debug;
		};
		50D137461DE2088C001C16FC /* Release */ = {
			isa = XCBuildConfiguration;
			buildSettings = {
				ALWAYS_EMBED_SWIFT_STANDARD_LIBRARIES = YES;
				BUNDLE_LOADER = "$(TEST_HOST)";
				INFOPLIST_FILE = MeAppTests/Info.plist;
				LD_RUNPATH_SEARCH_PATHS = "$(inherited) @executable_path/Frameworks @loader_path/Frameworks";
				PRODUCT_BUNDLE_IDENTIFIER = com.pasqualeAmbrosini.MeAppTests;
				PRODUCT_NAME = "$(TARGET_NAME)";
				SWIFT_SWIFT3_OBJC_INFERENCE = On;
				SWIFT_VERSION = 4.0;
				TEST_HOST = "$(BUILT_PRODUCTS_DIR)/MeApp.app/MeApp";
			};
			name = Release;
		};
/* End XCBuildConfiguration section */

/* Begin XCConfigurationList section */
		50D1371F1DE2088C001C16FC /* Build configuration list for PBXProject "MeApp" */ = {
			isa = XCConfigurationList;
			buildConfigurations = (
				50D1373F1DE2088C001C16FC /* Debug */,
				50D137401DE2088C001C16FC /* Release */,
			);
			defaultConfigurationIsVisible = 0;
			defaultConfigurationName = Release;
		};
		50D137411DE2088C001C16FC /* Build configuration list for PBXNativeTarget "MeApp" */ = {
			isa = XCConfigurationList;
			buildConfigurations = (
				50D137421DE2088C001C16FC /* Debug */,
				50D137431DE2088C001C16FC /* Release */,
			);
			defaultConfigurationIsVisible = 0;
			defaultConfigurationName = Release;
		};
		50D137441DE2088C001C16FC /* Build configuration list for PBXNativeTarget "MeAppTests" */ = {
			isa = XCConfigurationList;
			buildConfigurations = (
				50D137451DE2088C001C16FC /* Debug */,
				50D137461DE2088C001C16FC /* Release */,
			);
			defaultConfigurationIsVisible = 0;
			defaultConfigurationName = Release;
		};
/* End XCConfigurationList section */
	};
	rootObject = 50D1371C1DE2088C001C16FC /* Project object */;
}
